
Microsoft Visual Studio Solution File, Format Version 12.00
# Visual Studio Version 17
VisualStudioVersion = 17.5.002.0
MinimumVisualStudioVersion = 10.0.40219.1
Project("{9A19103F-16F7-4668-BE54-9A1E7A4F7556}") = "pipelines-dotnet-core", "pipelines-dotnet-core.csproj", "{BEC24AA9-E259-49F5-9F19-1F2432F792BB}"
EndProject
Global
	GlobalSection(SolutionConfigurationPlatforms) = preSolution
		Debug|Any CPU = Debug|Any CPU
		Release|Any CPU = Release|Any CPU
	EndGlobalSection
	GlobalSection(ProjectConfigurationPlatforms) = postSolution
		{BEC24AA9-E259-49F5-9F19-1F2432F792BB}.Debug|Any CPU.ActiveCfg = Debug|Any CPU
		{BEC24AA9-E259-49F5-9F19-1F2432F792BB}.Debug|Any CPU.Build.0 = Debug|Any CPU
		{BEC24AA9-E259-49F5-9F19-1F2432F792BB}.Release|Any CPU.ActiveCfg = Release|Any CPU
		{BEC24AA9-E259-49F5-9F19-1F2432F792BB}.Release|Any CPU.Build.0 = Release|Any CPU
	EndGlobalSection
	GlobalSection(SolutionProperties) = preSolution
		HideSolutionNode = FALSE
	EndGlobalSection
	GlobalSection(ExtensibilityGlobals) = postSolution
		SolutionGuid = {3B56B6AA-19A9-49D0-8FFA-06BF6B79544E}
	EndGlobalSection
EndGlobal
